// !$*UTF8*$!
{
	archiveVersion = 1;
	classes = {
	};
	objectVersion = 56;
	objects = {

/* Begin PBXBuildFile section */
		731F99712B0046FD0041FE72 /* TypeTableViewCell.swift in Sources */ = {isa = PBXBuildFile; fileRef = 731F99702B0046FD0041FE72 /* TypeTableViewCell.swift */; };
		731F99742B02B5170041FE72 /* MovesTableViewDelegate.swift in Sources */ = {isa = PBXBuildFile; fileRef = 731F99732B02B5170041FE72 /* MovesTableViewDelegate.swift */; };
		731F99762B02B9560041FE72 /* BasicMoveResponse.swift in Sources */ = {isa = PBXBuildFile; fileRef = 731F99752B02B9550041FE72 /* BasicMoveResponse.swift */; };
		731F99782B02BA680041FE72 /* BasicMove.swift in Sources */ = {isa = PBXBuildFile; fileRef = 731F99772B02BA680041FE72 /* BasicMove.swift */; };
		731F997A2B02BC190041FE72 /* MoveTableViewCell.swift in Sources */ = {isa = PBXBuildFile; fileRef = 731F99792B02BC190041FE72 /* MoveTableViewCell.swift */; };
		731F997C2B02C0980041FE72 /* TypesTableViewDelegate.swift in Sources */ = {isa = PBXBuildFile; fileRef = 731F997B2B02C0980041FE72 /* TypesTableViewDelegate.swift */; };
		731F997E2B02C44F0041FE72 /* AbilityTableViewCell.swift in Sources */ = {isa = PBXBuildFile; fileRef = 731F997D2B02C44F0041FE72 /* AbilityTableViewCell.swift */; };
		731F99802B02C5460041FE72 /* AbilitiesTableViewDelegate.swift in Sources */ = {isa = PBXBuildFile; fileRef = 731F997F2B02C5460041FE72 /* AbilitiesTableViewDelegate.swift */; };
		731F99822B02C65A0041FE72 /* BasicAbilityResponse.swift in Sources */ = {isa = PBXBuildFile; fileRef = 731F99812B02C65A0041FE72 /* BasicAbilityResponse.swift */; };
		731F99842B02C8700041FE72 /* BasicAbility.swift in Sources */ = {isa = PBXBuildFile; fileRef = 731F99832B02C8700041FE72 /* BasicAbility.swift */; };
		731F99862B02EBED0041FE72 /* StatTableViewCell.swift in Sources */ = {isa = PBXBuildFile; fileRef = 731F99852B02EBED0041FE72 /* StatTableViewCell.swift */; };
		731F99882B02EC750041FE72 /* StatsTableViewDelegate.swift in Sources */ = {isa = PBXBuildFile; fileRef = 731F99872B02EC750041FE72 /* StatsTableViewDelegate.swift */; };
		731F998A2B02ECDB0041FE72 /* BasicStatResponse.swift in Sources */ = {isa = PBXBuildFile; fileRef = 731F99892B02ECDB0041FE72 /* BasicStatResponse.swift */; };
		731F998C2B02ED610041FE72 /* BasicStat.swift in Sources */ = {isa = PBXBuildFile; fileRef = 731F998B2B02ED610041FE72 /* BasicStat.swift */; };
		731F99902B03CDC40041FE72 /* SearchTableViewDelegate.swift in Sources */ = {isa = PBXBuildFile; fileRef = 731F998F2B03CDC40041FE72 /* SearchTableViewDelegate.swift */; };
		731F99922B03F72C0041FE72 /* SearchTableViewCell.swift in Sources */ = {isa = PBXBuildFile; fileRef = 731F99912B03F72B0041FE72 /* SearchTableViewCell.swift */; };
		736ACE4E2ACB5BF600758202 /* AppDelegate.swift in Sources */ = {isa = PBXBuildFile; fileRef = 736ACE4D2ACB5BF600758202 /* AppDelegate.swift */; };
		736ACE502ACB5BF600758202 /* SceneDelegate.swift in Sources */ = {isa = PBXBuildFile; fileRef = 736ACE4F2ACB5BF600758202 /* SceneDelegate.swift */; };
		736ACE572ACB5BF700758202 /* Assets.xcassets in Resources */ = {isa = PBXBuildFile; fileRef = 736ACE562ACB5BF700758202 /* Assets.xcassets */; };
		736ACE5A2ACB5BF700758202 /* LaunchScreen.storyboard in Resources */ = {isa = PBXBuildFile; fileRef = 736ACE582ACB5BF700758202 /* LaunchScreen.storyboard */; };
		736ACE652ACB5BF700758202 /* PokeAppTests.swift in Sources */ = {isa = PBXBuildFile; fileRef = 736ACE642ACB5BF700758202 /* PokeAppTests.swift */; };
		736ACE6F2ACB5BF700758202 /* PokeAppUITests.swift in Sources */ = {isa = PBXBuildFile; fileRef = 736ACE6E2ACB5BF700758202 /* PokeAppUITests.swift */; };
		736ACE712ACB5BF700758202 /* PokeAppUITestsLaunchTests.swift in Sources */ = {isa = PBXBuildFile; fileRef = 736ACE702ACB5BF700758202 /* PokeAppUITestsLaunchTests.swift */; };
		736ACE842ACB5CF300758202 /* PokemonView.swift in Sources */ = {isa = PBXBuildFile; fileRef = 736ACE832ACB5CF300758202 /* PokemonView.swift */; };
		736ACE8B2ACB5E7100758202 /* IPokemonPresenter.swift in Sources */ = {isa = PBXBuildFile; fileRef = 736ACE8A2ACB5E7100758202 /* IPokemonPresenter.swift */; };
		736ACE8D2ACB5E9100758202 /* PokemonPresenter.swift in Sources */ = {isa = PBXBuildFile; fileRef = 736ACE8C2ACB5E9100758202 /* PokemonPresenter.swift */; };
		736ACE8F2ACB5EAE00758202 /* IPokemonInteractor.swift in Sources */ = {isa = PBXBuildFile; fileRef = 736ACE8E2ACB5EAE00758202 /* IPokemonInteractor.swift */; };
		736ACE912ACB5EED00758202 /* PokemonInteractor.swift in Sources */ = {isa = PBXBuildFile; fileRef = 736ACE902ACB5EED00758202 /* PokemonInteractor.swift */; };
		736ACE932ACB5F0B00758202 /* IPokemonRepository.swift in Sources */ = {isa = PBXBuildFile; fileRef = 736ACE922ACB5F0B00758202 /* IPokemonRepository.swift */; };
		736ACE952ACB5F1D00758202 /* PokemonRepository.swift in Sources */ = {isa = PBXBuildFile; fileRef = 736ACE942ACB5F1D00758202 /* PokemonRepository.swift */; };
		736ACE982ACB5F7D00758202 /* PokemonRouter.swift in Sources */ = {isa = PBXBuildFile; fileRef = 736ACE972ACB5F7D00758202 /* PokemonRouter.swift */; };
		736ACE9B2ACB64CC00758202 /* Main.storyboard in Resources */ = {isa = PBXBuildFile; fileRef = 736ACE9D2ACB64CC00758202 /* Main.storyboard */; };
		736ACE9F2ACB673B00758202 /* Item.swift in Sources */ = {isa = PBXBuildFile; fileRef = 736ACE9E2ACB673B00758202 /* Item.swift */; };
		736ACEA12ACB746B00758202 /* PokemonDataSource.swift in Sources */ = {isa = PBXBuildFile; fileRef = 736ACEA02ACB746B00758202 /* PokemonDataSource.swift */; };
		736ACEA32ACB7A9F00758202 /* BasicPokemon.swift in Sources */ = {isa = PBXBuildFile; fileRef = 736ACEA22ACB7A9F00758202 /* BasicPokemon.swift */; };
		736ACEA52ACB8E2700758202 /* BasicPokemonResponse.swift in Sources */ = {isa = PBXBuildFile; fileRef = 736ACEA42ACB8E2700758202 /* BasicPokemonResponse.swift */; };
		736ACEA72ACC80FD00758202 /* PokemonType.swift in Sources */ = {isa = PBXBuildFile; fileRef = 736ACEA62ACC80FD00758202 /* PokemonType.swift */; };
		736ACEA92ACC81A800758202 /* BasicPokemonGeneration.swift in Sources */ = {isa = PBXBuildFile; fileRef = 736ACEA82ACC81A800758202 /* BasicPokemonGeneration.swift */; };
		736ACEAB2ACCA2BE00758202 /* Pokemon.swift in Sources */ = {isa = PBXBuildFile; fileRef = 736ACEAA2ACCA2BE00758202 /* Pokemon.swift */; };
		736ACEAD2ACCC18600758202 /* IPokemonIntToPresenter.swift in Sources */ = {isa = PBXBuildFile; fileRef = 736ACEAC2ACCC18600758202 /* IPokemonIntToPresenter.swift */; };
		736ACEAF2ACCC67F00758202 /* BasicPokemonGenerationResponse.swift in Sources */ = {isa = PBXBuildFile; fileRef = 736ACEAE2ACCC67F00758202 /* BasicPokemonGenerationResponse.swift */; };
		736ACEB22ACDB98300758202 /* PromotedPokemonCollectionViewCell.swift in Sources */ = {isa = PBXBuildFile; fileRef = 736ACEB12ACDB98300758202 /* PromotedPokemonCollectionViewCell.swift */; };
		736ACEB42AD1FD3A00758202 /* PokemonsByGenerationResponse.swift in Sources */ = {isa = PBXBuildFile; fileRef = 736ACEB32AD1FD3A00758202 /* PokemonsByGenerationResponse.swift */; };
		736ACEB82AD205FF00758202 /* StandardAppCollectionViewCell.swift in Sources */ = {isa = PBXBuildFile; fileRef = 736ACEB72AD205FF00758202 /* StandardAppCollectionViewCell.swift */; };
		736ACEBA2AE34F0300758202 /* CategoryCollectionViewCell.swift in Sources */ = {isa = PBXBuildFile; fileRef = 736ACEB92AE34F0300758202 /* CategoryCollectionViewCell.swift */; };
		736ACEBE2AE452A700758202 /* Sprites.swift in Sources */ = {isa = PBXBuildFile; fileRef = 736ACEBD2AE452A700758202 /* Sprites.swift */; };
		736ACEC02AE837A900758202 /* PokemonSpecie.swift in Sources */ = {isa = PBXBuildFile; fileRef = 736ACEBF2AE837A900758202 /* PokemonSpecie.swift */; };
		736ACEC62AE86F7D00758202 /* Variety.swift in Sources */ = {isa = PBXBuildFile; fileRef = 736ACEC52AE86F7D00758202 /* Variety.swift */; };
		736ACEC92AE978FD00758202 /* SectionHeaderView.swift in Sources */ = {isa = PBXBuildFile; fileRef = 736ACEC82AE978FD00758202 /* SectionHeaderView.swift */; };
		736ACECB2AE979BF00758202 /* LineView.swift in Sources */ = {isa = PBXBuildFile; fileRef = 736ACECA2AE979BF00758202 /* LineView.swift */; };
		736ACED02AE992EA00758202 /* PokemonCollectionViewDelegate.swift in Sources */ = {isa = PBXBuildFile; fileRef = 736ACECF2AE992EA00758202 /* PokemonCollectionViewDelegate.swift */; };
		736ACED32AE9E00300758202 /* PokemonDescriptionRouter.swift in Sources */ = {isa = PBXBuildFile; fileRef = 736ACED22AE9E00300758202 /* PokemonDescriptionRouter.swift */; };
		736ACEDA2AE9E10300758202 /* PokemonDescriptionPresenter.swift in Sources */ = {isa = PBXBuildFile; fileRef = 736ACED92AE9E10300758202 /* PokemonDescriptionPresenter.swift */; };
		736ACEDC2AE9E13400758202 /* IPokemonDescriptionPresenter.swift in Sources */ = {isa = PBXBuildFile; fileRef = 736ACEDB2AE9E13400758202 /* IPokemonDescriptionPresenter.swift */; };
		736ACEDE2AE9E19800758202 /* IPokemonDescriptionInteractor.swift in Sources */ = {isa = PBXBuildFile; fileRef = 736ACEDD2AE9E19800758202 /* IPokemonDescriptionInteractor.swift */; };
		736ACEE02AE9E1AC00758202 /* PokemonDescriptionInteractor.swift in Sources */ = {isa = PBXBuildFile; fileRef = 736ACEDF2AE9E1AC00758202 /* PokemonDescriptionInteractor.swift */; };
		736ACEE22AE9E25F00758202 /* PokemonDescriptionView.swift in Sources */ = {isa = PBXBuildFile; fileRef = 736ACEE12AE9E25F00758202 /* PokemonDescriptionView.swift */; };
		736ACEE62AEDA4AA00758202 /* IPokemonDescriptionRepository.swift in Sources */ = {isa = PBXBuildFile; fileRef = 736ACEE52AEDA4AA00758202 /* IPokemonDescriptionRepository.swift */; };
		736ACEE82AEDA81E00758202 /* PokemonDescriptionRepository.swift in Sources */ = {isa = PBXBuildFile; fileRef = 736ACEE72AEDA81E00758202 /* PokemonDescriptionRepository.swift */; };
		736ACEEB2AEDABB800758202 /* PokemonDescriptionDataSource.swift in Sources */ = {isa = PBXBuildFile; fileRef = 736ACEEA2AEDABB800758202 /* PokemonDescriptionDataSource.swift */; };
		736ACEEE2AEED15700758202 /* SpriteCollectionViewCell.swift in Sources */ = {isa = PBXBuildFile; fileRef = 736ACEED2AEED15700758202 /* SpriteCollectionViewCell.swift */; };
		736ACEF02AEED69300758202 /* IPokemonDescriptionIntToPresenter.swift in Sources */ = {isa = PBXBuildFile; fileRef = 736ACEEF2AEED69300758202 /* IPokemonDescriptionIntToPresenter.swift */; };
		736ACEF62B003F5A00758202 /* BasicType.swift in Sources */ = {isa = PBXBuildFile; fileRef = 736ACEF52B003F5A00758202 /* BasicType.swift */; };
		736ACEF82B0041E200758202 /* BasicTypeResponse.swift in Sources */ = {isa = PBXBuildFile; fileRef = 736ACEF72B0041E200758202 /* BasicTypeResponse.swift */; };
/* End PBXBuildFile section */

/* Begin PBXContainerItemProxy section */
		736ACE612ACB5BF700758202 /* PBXContainerItemProxy */ = {
			isa = PBXContainerItemProxy;
			containerPortal = 736ACE422ACB5BF600758202 /* Project object */;
			proxyType = 1;
			remoteGlobalIDString = 736ACE492ACB5BF600758202;
			remoteInfo = PokeApp;
		};
		736ACE6B2ACB5BF700758202 /* PBXContainerItemProxy */ = {
			isa = PBXContainerItemProxy;
			containerPortal = 736ACE422ACB5BF600758202 /* Project object */;
			proxyType = 1;
			remoteGlobalIDString = 736ACE492ACB5BF600758202;
			remoteInfo = PokeApp;
		};
/* End PBXContainerItemProxy section */

/* Begin PBXFileReference section */
		731F99702B0046FD0041FE72 /* TypeTableViewCell.swift */ = {isa = PBXFileReference; lastKnownFileType = sourcecode.swift; path = TypeTableViewCell.swift; sourceTree = "<group>"; };
		731F99732B02B5170041FE72 /* MovesTableViewDelegate.swift */ = {isa = PBXFileReference; lastKnownFileType = sourcecode.swift; path = MovesTableViewDelegate.swift; sourceTree = "<group>"; };
		731F99752B02B9550041FE72 /* BasicMoveResponse.swift */ = {isa = PBXFileReference; lastKnownFileType = sourcecode.swift; path = BasicMoveResponse.swift; sourceTree = "<group>"; };
		731F99772B02BA680041FE72 /* BasicMove.swift */ = {isa = PBXFileReference; lastKnownFileType = sourcecode.swift; path = BasicMove.swift; sourceTree = "<group>"; };
		731F99792B02BC190041FE72 /* MoveTableViewCell.swift */ = {isa = PBXFileReference; lastKnownFileType = sourcecode.swift; path = MoveTableViewCell.swift; sourceTree = "<group>"; };
		731F997B2B02C0980041FE72 /* TypesTableViewDelegate.swift */ = {isa = PBXFileReference; lastKnownFileType = sourcecode.swift; path = TypesTableViewDelegate.swift; sourceTree = "<group>"; };
		731F997D2B02C44F0041FE72 /* AbilityTableViewCell.swift */ = {isa = PBXFileReference; lastKnownFileType = sourcecode.swift; path = AbilityTableViewCell.swift; sourceTree = "<group>"; };
		731F997F2B02C5460041FE72 /* AbilitiesTableViewDelegate.swift */ = {isa = PBXFileReference; lastKnownFileType = sourcecode.swift; path = AbilitiesTableViewDelegate.swift; sourceTree = "<group>"; };
		731F99812B02C65A0041FE72 /* BasicAbilityResponse.swift */ = {isa = PBXFileReference; lastKnownFileType = sourcecode.swift; path = BasicAbilityResponse.swift; sourceTree = "<group>"; };
		731F99832B02C8700041FE72 /* BasicAbility.swift */ = {isa = PBXFileReference; lastKnownFileType = sourcecode.swift; path = BasicAbility.swift; sourceTree = "<group>"; };
		731F99852B02EBED0041FE72 /* StatTableViewCell.swift */ = {isa = PBXFileReference; lastKnownFileType = sourcecode.swift; path = StatTableViewCell.swift; sourceTree = "<group>"; };
		731F99872B02EC750041FE72 /* StatsTableViewDelegate.swift */ = {isa = PBXFileReference; lastKnownFileType = sourcecode.swift; path = StatsTableViewDelegate.swift; sourceTree = "<group>"; };
		731F99892B02ECDB0041FE72 /* BasicStatResponse.swift */ = {isa = PBXFileReference; lastKnownFileType = sourcecode.swift; path = BasicStatResponse.swift; sourceTree = "<group>"; };
		731F998B2B02ED610041FE72 /* BasicStat.swift */ = {isa = PBXFileReference; lastKnownFileType = sourcecode.swift; path = BasicStat.swift; sourceTree = "<group>"; };
		731F998F2B03CDC40041FE72 /* SearchTableViewDelegate.swift */ = {isa = PBXFileReference; lastKnownFileType = sourcecode.swift; path = SearchTableViewDelegate.swift; sourceTree = "<group>"; };
		731F99912B03F72B0041FE72 /* SearchTableViewCell.swift */ = {isa = PBXFileReference; lastKnownFileType = sourcecode.swift; path = SearchTableViewCell.swift; sourceTree = "<group>"; };
		736ACE4A2ACB5BF600758202 /* PokeApp.app */ = {isa = PBXFileReference; explicitFileType = wrapper.application; includeInIndex = 0; path = PokeApp.app; sourceTree = BUILT_PRODUCTS_DIR; };
		736ACE4D2ACB5BF600758202 /* AppDelegate.swift */ = {isa = PBXFileReference; lastKnownFileType = sourcecode.swift; path = AppDelegate.swift; sourceTree = "<group>"; };
		736ACE4F2ACB5BF600758202 /* SceneDelegate.swift */ = {isa = PBXFileReference; lastKnownFileType = sourcecode.swift; path = SceneDelegate.swift; sourceTree = "<group>"; };
		736ACE562ACB5BF700758202 /* Assets.xcassets */ = {isa = PBXFileReference; lastKnownFileType = folder.assetcatalog; path = Assets.xcassets; sourceTree = "<group>"; };
		736ACE592ACB5BF700758202 /* Base */ = {isa = PBXFileReference; lastKnownFileType = file.storyboard; name = Base; path = Base.lproj/LaunchScreen.storyboard; sourceTree = "<group>"; };
		736ACE5B2ACB5BF700758202 /* Info.plist */ = {isa = PBXFileReference; lastKnownFileType = text.plist.xml; path = Info.plist; sourceTree = "<group>"; };
		736ACE602ACB5BF700758202 /* PokeAppTests.xctest */ = {isa = PBXFileReference; explicitFileType = wrapper.cfbundle; includeInIndex = 0; path = PokeAppTests.xctest; sourceTree = BUILT_PRODUCTS_DIR; };
		736ACE642ACB5BF700758202 /* PokeAppTests.swift */ = {isa = PBXFileReference; lastKnownFileType = sourcecode.swift; path = PokeAppTests.swift; sourceTree = "<group>"; };
		736ACE6A2ACB5BF700758202 /* PokeAppUITests.xctest */ = {isa = PBXFileReference; explicitFileType = wrapper.cfbundle; includeInIndex = 0; path = PokeAppUITests.xctest; sourceTree = BUILT_PRODUCTS_DIR; };
		736ACE6E2ACB5BF700758202 /* PokeAppUITests.swift */ = {isa = PBXFileReference; lastKnownFileType = sourcecode.swift; path = PokeAppUITests.swift; sourceTree = "<group>"; };
		736ACE702ACB5BF700758202 /* PokeAppUITestsLaunchTests.swift */ = {isa = PBXFileReference; lastKnownFileType = sourcecode.swift; path = PokeAppUITestsLaunchTests.swift; sourceTree = "<group>"; };
		736ACE832ACB5CF300758202 /* PokemonView.swift */ = {isa = PBXFileReference; lastKnownFileType = sourcecode.swift; path = PokemonView.swift; sourceTree = "<group>"; };
		736ACE8A2ACB5E7100758202 /* IPokemonPresenter.swift */ = {isa = PBXFileReference; lastKnownFileType = sourcecode.swift; path = IPokemonPresenter.swift; sourceTree = "<group>"; };
		736ACE8C2ACB5E9100758202 /* PokemonPresenter.swift */ = {isa = PBXFileReference; lastKnownFileType = sourcecode.swift; path = PokemonPresenter.swift; sourceTree = "<group>"; };
		736ACE8E2ACB5EAE00758202 /* IPokemonInteractor.swift */ = {isa = PBXFileReference; lastKnownFileType = sourcecode.swift; path = IPokemonInteractor.swift; sourceTree = "<group>"; };
		736ACE902ACB5EED00758202 /* PokemonInteractor.swift */ = {isa = PBXFileReference; lastKnownFileType = sourcecode.swift; path = PokemonInteractor.swift; sourceTree = "<group>"; };
		736ACE922ACB5F0B00758202 /* IPokemonRepository.swift */ = {isa = PBXFileReference; lastKnownFileType = sourcecode.swift; path = IPokemonRepository.swift; sourceTree = "<group>"; };
		736ACE942ACB5F1D00758202 /* PokemonRepository.swift */ = {isa = PBXFileReference; lastKnownFileType = sourcecode.swift; path = PokemonRepository.swift; sourceTree = "<group>"; };
		736ACE972ACB5F7D00758202 /* PokemonRouter.swift */ = {isa = PBXFileReference; lastKnownFileType = sourcecode.swift; path = PokemonRouter.swift; sourceTree = "<group>"; };
		736ACE9C2ACB64CC00758202 /* Base */ = {isa = PBXFileReference; lastKnownFileType = file.storyboard; name = Base; path = Base.lproj/Main.storyboard; sourceTree = "<group>"; };
		736ACE9E2ACB673B00758202 /* Item.swift */ = {isa = PBXFileReference; lastKnownFileType = sourcecode.swift; path = Item.swift; sourceTree = "<group>"; };
		736ACEA02ACB746B00758202 /* PokemonDataSource.swift */ = {isa = PBXFileReference; lastKnownFileType = sourcecode.swift; path = PokemonDataSource.swift; sourceTree = "<group>"; };
		736ACEA22ACB7A9F00758202 /* BasicPokemon.swift */ = {isa = PBXFileReference; lastKnownFileType = sourcecode.swift; path = BasicPokemon.swift; sourceTree = "<group>"; };
		736ACEA42ACB8E2700758202 /* BasicPokemonResponse.swift */ = {isa = PBXFileReference; lastKnownFileType = sourcecode.swift; path = BasicPokemonResponse.swift; sourceTree = "<group>"; };
		736ACEA62ACC80FD00758202 /* PokemonType.swift */ = {isa = PBXFileReference; lastKnownFileType = sourcecode.swift; path = PokemonType.swift; sourceTree = "<group>"; };
		736ACEA82ACC81A800758202 /* BasicPokemonGeneration.swift */ = {isa = PBXFileReference; lastKnownFileType = sourcecode.swift; path = BasicPokemonGeneration.swift; sourceTree = "<group>"; };
		736ACEAA2ACCA2BE00758202 /* Pokemon.swift */ = {isa = PBXFileReference; lastKnownFileType = sourcecode.swift; path = Pokemon.swift; sourceTree = "<group>"; };
		736ACEAC2ACCC18600758202 /* IPokemonIntToPresenter.swift */ = {isa = PBXFileReference; lastKnownFileType = sourcecode.swift; path = IPokemonIntToPresenter.swift; sourceTree = "<group>"; };
		736ACEAE2ACCC67F00758202 /* BasicPokemonGenerationResponse.swift */ = {isa = PBXFileReference; lastKnownFileType = sourcecode.swift; path = BasicPokemonGenerationResponse.swift; sourceTree = "<group>"; };
		736ACEB12ACDB98300758202 /* PromotedPokemonCollectionViewCell.swift */ = {isa = PBXFileReference; lastKnownFileType = sourcecode.swift; path = PromotedPokemonCollectionViewCell.swift; sourceTree = "<group>"; };
		736ACEB32AD1FD3A00758202 /* PokemonsByGenerationResponse.swift */ = {isa = PBXFileReference; lastKnownFileType = sourcecode.swift; path = PokemonsByGenerationResponse.swift; sourceTree = "<group>"; };
		736ACEB72AD205FF00758202 /* StandardAppCollectionViewCell.swift */ = {isa = PBXFileReference; fileEncoding = 4; lastKnownFileType = sourcecode.swift; path = StandardAppCollectionViewCell.swift; sourceTree = "<group>"; };
		736ACEB92AE34F0300758202 /* CategoryCollectionViewCell.swift */ = {isa = PBXFileReference; lastKnownFileType = sourcecode.swift; path = CategoryCollectionViewCell.swift; sourceTree = "<group>"; };
		736ACEBD2AE452A700758202 /* Sprites.swift */ = {isa = PBXFileReference; lastKnownFileType = sourcecode.swift; path = Sprites.swift; sourceTree = "<group>"; };
		736ACEBF2AE837A900758202 /* PokemonSpecie.swift */ = {isa = PBXFileReference; lastKnownFileType = sourcecode.swift; path = PokemonSpecie.swift; sourceTree = "<group>"; };
		736ACEC52AE86F7D00758202 /* Variety.swift */ = {isa = PBXFileReference; lastKnownFileType = sourcecode.swift; path = Variety.swift; sourceTree = "<group>"; };
		736ACEC82AE978FD00758202 /* SectionHeaderView.swift */ = {isa = PBXFileReference; lastKnownFileType = sourcecode.swift; path = SectionHeaderView.swift; sourceTree = "<group>"; };
		736ACECA2AE979BF00758202 /* LineView.swift */ = {isa = PBXFileReference; lastKnownFileType = sourcecode.swift; path = LineView.swift; sourceTree = "<group>"; };
		736ACECF2AE992EA00758202 /* PokemonCollectionViewDelegate.swift */ = {isa = PBXFileReference; lastKnownFileType = sourcecode.swift; path = PokemonCollectionViewDelegate.swift; sourceTree = "<group>"; };
		736ACED22AE9E00300758202 /* PokemonDescriptionRouter.swift */ = {isa = PBXFileReference; lastKnownFileType = sourcecode.swift; path = PokemonDescriptionRouter.swift; sourceTree = "<group>"; };
		736ACED92AE9E10300758202 /* PokemonDescriptionPresenter.swift */ = {isa = PBXFileReference; lastKnownFileType = sourcecode.swift; path = PokemonDescriptionPresenter.swift; sourceTree = "<group>"; };
		736ACEDB2AE9E13400758202 /* IPokemonDescriptionPresenter.swift */ = {isa = PBXFileReference; lastKnownFileType = sourcecode.swift; path = IPokemonDescriptionPresenter.swift; sourceTree = "<group>"; };
		736ACEDD2AE9E19800758202 /* IPokemonDescriptionInteractor.swift */ = {isa = PBXFileReference; lastKnownFileType = sourcecode.swift; path = IPokemonDescriptionInteractor.swift; sourceTree = "<group>"; };
		736ACEDF2AE9E1AC00758202 /* PokemonDescriptionInteractor.swift */ = {isa = PBXFileReference; lastKnownFileType = sourcecode.swift; path = PokemonDescriptionInteractor.swift; sourceTree = "<group>"; };
		736ACEE12AE9E25F00758202 /* PokemonDescriptionView.swift */ = {isa = PBXFileReference; lastKnownFileType = sourcecode.swift; path = PokemonDescriptionView.swift; sourceTree = "<group>"; };
		736ACEE52AEDA4AA00758202 /* IPokemonDescriptionRepository.swift */ = {isa = PBXFileReference; lastKnownFileType = sourcecode.swift; path = IPokemonDescriptionRepository.swift; sourceTree = "<group>"; };
		736ACEE72AEDA81E00758202 /* PokemonDescriptionRepository.swift */ = {isa = PBXFileReference; lastKnownFileType = sourcecode.swift; path = PokemonDescriptionRepository.swift; sourceTree = "<group>"; };
		736ACEEA2AEDABB800758202 /* PokemonDescriptionDataSource.swift */ = {isa = PBXFileReference; lastKnownFileType = sourcecode.swift; path = PokemonDescriptionDataSource.swift; sourceTree = "<group>"; };
		736ACEED2AEED15700758202 /* SpriteCollectionViewCell.swift */ = {isa = PBXFileReference; lastKnownFileType = sourcecode.swift; path = SpriteCollectionViewCell.swift; sourceTree = "<group>"; };
		736ACEEF2AEED69300758202 /* IPokemonDescriptionIntToPresenter.swift */ = {isa = PBXFileReference; lastKnownFileType = sourcecode.swift; path = IPokemonDescriptionIntToPresenter.swift; sourceTree = "<group>"; };
		736ACEF52B003F5A00758202 /* BasicType.swift */ = {isa = PBXFileReference; lastKnownFileType = sourcecode.swift; path = BasicType.swift; sourceTree = "<group>"; };
		736ACEF72B0041E200758202 /* BasicTypeResponse.swift */ = {isa = PBXFileReference; lastKnownFileType = sourcecode.swift; path = BasicTypeResponse.swift; sourceTree = "<group>"; };
/* End PBXFileReference section */

/* Begin PBXFrameworksBuildPhase section */
		736ACE472ACB5BF600758202 /* Frameworks */ = {
			isa = PBXFrameworksBuildPhase;
			buildActionMask = 2147483647;
			files = (
			);
			runOnlyForDeploymentPostprocessing = 0;
		};
		736ACE5D2ACB5BF700758202 /* Frameworks */ = {
			isa = PBXFrameworksBuildPhase;
			buildActionMask = 2147483647;
			files = (
			);
			runOnlyForDeploymentPostprocessing = 0;
		};
		736ACE672ACB5BF700758202 /* Frameworks */ = {
			isa = PBXFrameworksBuildPhase;
			buildActionMask = 2147483647;
			files = (
			);
			runOnlyForDeploymentPostprocessing = 0;
		};
/* End PBXFrameworksBuildPhase section */

/* Begin PBXGroup section */
		731F99722B02ADED0041FE72 /* Delegates */ = {
			isa = PBXGroup;
			children = (
				731F99732B02B5170041FE72 /* MovesTableViewDelegate.swift */,
				731F997B2B02C0980041FE72 /* TypesTableViewDelegate.swift */,
				731F997F2B02C5460041FE72 /* AbilitiesTableViewDelegate.swift */,
				731F99872B02EC750041FE72 /* StatsTableViewDelegate.swift */,
			);
			path = Delegates;
			sourceTree = "<group>";
		};
		736ACE412ACB5BF600758202 = {
			isa = PBXGroup;
			children = (
				736ACE4C2ACB5BF600758202 /* PokeApp */,
				736ACE632ACB5BF700758202 /* PokeAppTests */,
				736ACE6D2ACB5BF700758202 /* PokeAppUITests */,
				736ACE4B2ACB5BF600758202 /* Products */,
			);
			sourceTree = "<group>";
		};
		736ACE4B2ACB5BF600758202 /* Products */ = {
			isa = PBXGroup;
			children = (
				736ACE4A2ACB5BF600758202 /* PokeApp.app */,
				736ACE602ACB5BF700758202 /* PokeAppTests.xctest */,
				736ACE6A2ACB5BF700758202 /* PokeAppUITests.xctest */,
			);
			name = Products;
			sourceTree = "<group>";
		};
		736ACE4C2ACB5BF600758202 /* PokeApp */ = {
			isa = PBXGroup;
			children = (
				736ACE852ACB5D0100758202 /* Storyboards */,
				736ACE962ACB5F5000758202 /* PokeApp */,
				736ACED12AE9DF2600758202 /* PokemonDescription */,
				736ACE4D2ACB5BF600758202 /* AppDelegate.swift */,
				736ACE4F2ACB5BF600758202 /* SceneDelegate.swift */,
				736ACE562ACB5BF700758202 /* Assets.xcassets */,
				736ACE5B2ACB5BF700758202 /* Info.plist */,
			);
			path = PokeApp;
			sourceTree = "<group>";
		};
		736ACE632ACB5BF700758202 /* PokeAppTests */ = {
			isa = PBXGroup;
			children = (
				736ACE642ACB5BF700758202 /* PokeAppTests.swift */,
			);
			path = PokeAppTests;
			sourceTree = "<group>";
		};
		736ACE6D2ACB5BF700758202 /* PokeAppUITests */ = {
			isa = PBXGroup;
			children = (
				736ACE6E2ACB5BF700758202 /* PokeAppUITests.swift */,
				736ACE702ACB5BF700758202 /* PokeAppUITestsLaunchTests.swift */,
			);
			path = PokeAppUITests;
			sourceTree = "<group>";
		};
		736ACE7D2ACB5C5000758202 /* Presentation */ = {
			isa = PBXGroup;
			children = (
				736ACE7E2ACB5C6300758202 /* Views */,
				736ACE8A2ACB5E7100758202 /* IPokemonPresenter.swift */,
				736ACE8C2ACB5E9100758202 /* PokemonPresenter.swift */,
				736ACEAC2ACCC18600758202 /* IPokemonIntToPresenter.swift */,
			);
			path = Presentation;
			sourceTree = "<group>";
		};
		736ACE7E2ACB5C6300758202 /* Views */ = {
			isa = PBXGroup;
			children = (
				736ACEC72AE956DA00758202 /* Supplementary Views */,
				736ACECC2AE9910900758202 /* Delegates */,
				736ACEB02ACDB96500758202 /* Cells */,
				736ACE832ACB5CF300758202 /* PokemonView.swift */,
			);
			path = Views;
			sourceTree = "<group>";
		};
		736ACE7F2ACB5C6C00758202 /* Domain */ = {
			isa = PBXGroup;
			children = (
				736ACE802ACB5C7800758202 /* Models */,
				736ACE8E2ACB5EAE00758202 /* IPokemonInteractor.swift */,
				736ACE902ACB5EED00758202 /* PokemonInteractor.swift */,
			);
			path = Domain;
			sourceTree = "<group>";
		};
		736ACE802ACB5C7800758202 /* Models */ = {
			isa = PBXGroup;
			children = (
				736ACE9E2ACB673B00758202 /* Item.swift */,
				736ACEC52AE86F7D00758202 /* Variety.swift */,
				736ACEA22ACB7A9F00758202 /* BasicPokemon.swift */,
				736ACEBF2AE837A900758202 /* PokemonSpecie.swift */,
				736ACEA62ACC80FD00758202 /* PokemonType.swift */,
				736ACEA42ACB8E2700758202 /* BasicPokemonResponse.swift */,
				736ACEA82ACC81A800758202 /* BasicPokemonGeneration.swift */,
				736ACEB32AD1FD3A00758202 /* PokemonsByGenerationResponse.swift */,
				736ACEAE2ACCC67F00758202 /* BasicPokemonGenerationResponse.swift */,
			);
			path = Models;
			sourceTree = "<group>";
		};
		736ACE812ACB5C8B00758202 /* Data */ = {
			isa = PBXGroup;
			children = (
				736ACE822ACB5C9100758202 /* DataSource */,
				736ACE922ACB5F0B00758202 /* IPokemonRepository.swift */,
				736ACE942ACB5F1D00758202 /* PokemonRepository.swift */,
			);
			path = Data;
			sourceTree = "<group>";
		};
		736ACE822ACB5C9100758202 /* DataSource */ = {
			isa = PBXGroup;
			children = (
				736ACEA02ACB746B00758202 /* PokemonDataSource.swift */,
			);
			path = DataSource;
			sourceTree = "<group>";
		};
		736ACE852ACB5D0100758202 /* Storyboards */ = {
			isa = PBXGroup;
			children = (
				736ACE582ACB5BF700758202 /* LaunchScreen.storyboard */,
				736ACE9D2ACB64CC00758202 /* Main.storyboard */,
			);
			path = Storyboards;
			sourceTree = "<group>";
		};
		736ACE962ACB5F5000758202 /* PokeApp */ = {
			isa = PBXGroup;
			children = (
				736ACE812ACB5C8B00758202 /* Data */,
				736ACE7F2ACB5C6C00758202 /* Domain */,
				736ACE7D2ACB5C5000758202 /* Presentation */,
				736ACE972ACB5F7D00758202 /* PokemonRouter.swift */,
			);
			path = PokeApp;
			sourceTree = "<group>";
		};
		736ACEB02ACDB96500758202 /* Cells */ = {
			isa = PBXGroup;
			children = (
				736ACEB12ACDB98300758202 /* PromotedPokemonCollectionViewCell.swift */,
				736ACEB72AD205FF00758202 /* StandardAppCollectionViewCell.swift */,
				736ACEB92AE34F0300758202 /* CategoryCollectionViewCell.swift */,
				731F99912B03F72B0041FE72 /* SearchTableViewCell.swift */,
			);
			path = Cells;
			sourceTree = "<group>";
		};
		736ACEC72AE956DA00758202 /* Supplementary Views */ = {
			isa = PBXGroup;
			children = (
				736ACEC82AE978FD00758202 /* SectionHeaderView.swift */,
				736ACECA2AE979BF00758202 /* LineView.swift */,
			);
			path = "Supplementary Views";
			sourceTree = "<group>";
		};
		736ACECC2AE9910900758202 /* Delegates */ = {
			isa = PBXGroup;
			children = (
				736ACECF2AE992EA00758202 /* PokemonCollectionViewDelegate.swift */,
				731F998F2B03CDC40041FE72 /* SearchTableViewDelegate.swift */,
			);
			path = Delegates;
			sourceTree = "<group>";
		};
		736ACED12AE9DF2600758202 /* PokemonDescription */ = {
			isa = PBXGroup;
			children = (
				736ACED72AE9E04700758202 /* Data */,
				736ACED62AE9E03800758202 /* Domain */,
				736ACED52AE9E02D00758202 /* Presentation */,
				736ACED22AE9E00300758202 /* PokemonDescriptionRouter.swift */,
			);
			path = PokemonDescription;
			sourceTree = "<group>";
		};
		736ACED42AE9E01800758202 /* Views */ = {
			isa = PBXGroup;
			children = (
				731F99722B02ADED0041FE72 /* Delegates */,
				736ACEEC2AEED0A300758202 /* Cells */,
				736ACEE12AE9E25F00758202 /* PokemonDescriptionView.swift */,
			);
			path = Views;
			sourceTree = "<group>";
		};
		736ACED52AE9E02D00758202 /* Presentation */ = {
			isa = PBXGroup;
			children = (
				736ACED42AE9E01800758202 /* Views */,
				736ACEDB2AE9E13400758202 /* IPokemonDescriptionPresenter.swift */,
				736ACED92AE9E10300758202 /* PokemonDescriptionPresenter.swift */,
				736ACEEF2AEED69300758202 /* IPokemonDescriptionIntToPresenter.swift */,
			);
			path = Presentation;
			sourceTree = "<group>";
		};
		736ACED62AE9E03800758202 /* Domain */ = {
			isa = PBXGroup;
			children = (
				736ACED82AE9E06D00758202 /* Models */,
				736ACEDD2AE9E19800758202 /* IPokemonDescriptionInteractor.swift */,
				736ACEDF2AE9E1AC00758202 /* PokemonDescriptionInteractor.swift */,
			);
			path = Domain;
			sourceTree = "<group>";
		};
		736ACED72AE9E04700758202 /* Data */ = {
			isa = PBXGroup;
			children = (
				736ACEE92AEDAB3000758202 /* DataSource */,
				736ACEE52AEDA4AA00758202 /* IPokemonDescriptionRepository.swift */,
				736ACEE72AEDA81E00758202 /* PokemonDescriptionRepository.swift */,
			);
			path = Data;
			sourceTree = "<group>";
		};
		736ACED82AE9E06D00758202 /* Models */ = {
			isa = PBXGroup;
			children = (
				736ACEAA2ACCA2BE00758202 /* Pokemon.swift */,
				736ACEBD2AE452A700758202 /* Sprites.swift */,
				736ACEF72B0041E200758202 /* BasicTypeResponse.swift */,
				736ACEF52B003F5A00758202 /* BasicType.swift */,
				731F99752B02B9550041FE72 /* BasicMoveResponse.swift */,
				731F99772B02BA680041FE72 /* BasicMove.swift */,
				731F99812B02C65A0041FE72 /* BasicAbilityResponse.swift */,
				731F99832B02C8700041FE72 /* BasicAbility.swift */,
				731F99892B02ECDB0041FE72 /* BasicStatResponse.swift */,
				731F998B2B02ED610041FE72 /* BasicStat.swift */,
			);
			path = Models;
			sourceTree = "<group>";
		};
		736ACEE92AEDAB3000758202 /* DataSource */ = {
			isa = PBXGroup;
			children = (
				736ACEEA2AEDABB800758202 /* PokemonDescriptionDataSource.swift */,
			);
			path = DataSource;
			sourceTree = "<group>";
		};
		736ACEEC2AEED0A300758202 /* Cells */ = {
			isa = PBXGroup;
			children = (
				736ACEED2AEED15700758202 /* SpriteCollectionViewCell.swift */,
				731F99702B0046FD0041FE72 /* TypeTableViewCell.swift */,
				731F99792B02BC190041FE72 /* MoveTableViewCell.swift */,
				731F997D2B02C44F0041FE72 /* AbilityTableViewCell.swift */,
				731F99852B02EBED0041FE72 /* StatTableViewCell.swift */,
			);
			path = Cells;
			sourceTree = "<group>";
		};
/* End PBXGroup section */

/* Begin PBXNativeTarget section */
		736ACE492ACB5BF600758202 /* PokeApp */ = {
			isa = PBXNativeTarget;
			buildConfigurationList = 736ACE742ACB5BF700758202 /* Build configuration list for PBXNativeTarget "PokeApp" */;
			buildPhases = (
				736ACE462ACB5BF600758202 /* Sources */,
				736ACE472ACB5BF600758202 /* Frameworks */,
				736ACE482ACB5BF600758202 /* Resources */,
			);
			buildRules = (
			);
			dependencies = (
			);
			name = PokeApp;
			productName = PokeApp;
			productReference = 736ACE4A2ACB5BF600758202 /* PokeApp.app */;
			productType = "com.apple.product-type.application";
		};
		736ACE5F2ACB5BF700758202 /* PokeAppTests */ = {
			isa = PBXNativeTarget;
			buildConfigurationList = 736ACE772ACB5BF700758202 /* Build configuration list for PBXNativeTarget "PokeAppTests" */;
			buildPhases = (
				736ACE5C2ACB5BF700758202 /* Sources */,
				736ACE5D2ACB5BF700758202 /* Frameworks */,
				736ACE5E2ACB5BF700758202 /* Resources */,
			);
			buildRules = (
			);
			dependencies = (
				736ACE622ACB5BF700758202 /* PBXTargetDependency */,
			);
			name = PokeAppTests;
			productName = PokeAppTests;
			productReference = 736ACE602ACB5BF700758202 /* PokeAppTests.xctest */;
			productType = "com.apple.product-type.bundle.unit-test";
		};
		736ACE692ACB5BF700758202 /* PokeAppUITests */ = {
			isa = PBXNativeTarget;
			buildConfigurationList = 736ACE7A2ACB5BF700758202 /* Build configuration list for PBXNativeTarget "PokeAppUITests" */;
			buildPhases = (
				736ACE662ACB5BF700758202 /* Sources */,
				736ACE672ACB5BF700758202 /* Frameworks */,
				736ACE682ACB5BF700758202 /* Resources */,
			);
			buildRules = (
			);
			dependencies = (
				736ACE6C2ACB5BF700758202 /* PBXTargetDependency */,
			);
			name = PokeAppUITests;
			productName = PokeAppUITests;
			productReference = 736ACE6A2ACB5BF700758202 /* PokeAppUITests.xctest */;
			productType = "com.apple.product-type.bundle.ui-testing";
		};
/* End PBXNativeTarget section */

/* Begin PBXProject section */
		736ACE422ACB5BF600758202 /* Project object */ = {
			isa = PBXProject;
			attributes = {
				BuildIndependentTargetsInParallel = 1;
				LastSwiftUpdateCheck = 1430;
				LastUpgradeCheck = 1430;
				TargetAttributes = {
					736ACE492ACB5BF600758202 = {
						CreatedOnToolsVersion = 14.3.1;
					};
					736ACE5F2ACB5BF700758202 = {
						CreatedOnToolsVersion = 14.3.1;
						TestTargetID = 736ACE492ACB5BF600758202;
					};
					736ACE692ACB5BF700758202 = {
						CreatedOnToolsVersion = 14.3.1;
						TestTargetID = 736ACE492ACB5BF600758202;
					};
				};
			};
			buildConfigurationList = 736ACE452ACB5BF600758202 /* Build configuration list for PBXProject "PokeApp" */;
			compatibilityVersion = "Xcode 14.0";
			developmentRegion = en;
			hasScannedForEncodings = 0;
			knownRegions = (
				en,
				Base,
			);
			mainGroup = 736ACE412ACB5BF600758202;
			productRefGroup = 736ACE4B2ACB5BF600758202 /* Products */;
			projectDirPath = "";
			projectRoot = "";
			targets = (
				736ACE492ACB5BF600758202 /* PokeApp */,
				736ACE5F2ACB5BF700758202 /* PokeAppTests */,
				736ACE692ACB5BF700758202 /* PokeAppUITests */,
			);
		};
/* End PBXProject section */

/* Begin PBXResourcesBuildPhase section */
		736ACE482ACB5BF600758202 /* Resources */ = {
			isa = PBXResourcesBuildPhase;
			buildActionMask = 2147483647;
			files = (
				736ACE5A2ACB5BF700758202 /* LaunchScreen.storyboard in Resources */,
				736ACE572ACB5BF700758202 /* Assets.xcassets in Resources */,
				736ACE9B2ACB64CC00758202 /* Main.storyboard in Resources */,
			);
			runOnlyForDeploymentPostprocessing = 0;
		};
		736ACE5E2ACB5BF700758202 /* Resources */ = {
			isa = PBXResourcesBuildPhase;
			buildActionMask = 2147483647;
			files = (
			);
			runOnlyForDeploymentPostprocessing = 0;
		};
		736ACE682ACB5BF700758202 /* Resources */ = {
			isa = PBXResourcesBuildPhase;
			buildActionMask = 2147483647;
			files = (
			);
			runOnlyForDeploymentPostprocessing = 0;
		};
/* End PBXResourcesBuildPhase section */

/* Begin PBXSourcesBuildPhase section */
		736ACE462ACB5BF600758202 /* Sources */ = {
			isa = PBXSourcesBuildPhase;
			buildActionMask = 2147483647;
			files = (
				736ACEB22ACDB98300758202 /* PromotedPokemonCollectionViewCell.swift in Sources */,
				736ACEF82B0041E200758202 /* BasicTypeResponse.swift in Sources */,
				736ACEE02AE9E1AC00758202 /* PokemonDescriptionInteractor.swift in Sources */,
				736ACE912ACB5EED00758202 /* PokemonInteractor.swift in Sources */,
				731F997A2B02BC190041FE72 /* MoveTableViewCell.swift in Sources */,
				731F998A2B02ECDB0041FE72 /* BasicStatResponse.swift in Sources */,
				731F99902B03CDC40041FE72 /* SearchTableViewDelegate.swift in Sources */,
				736ACE8F2ACB5EAE00758202 /* IPokemonInteractor.swift in Sources */,
				736ACE982ACB5F7D00758202 /* PokemonRouter.swift in Sources */,
				731F99822B02C65A0041FE72 /* BasicAbilityResponse.swift in Sources */,
				731F99712B0046FD0041FE72 /* TypeTableViewCell.swift in Sources */,
				731F99842B02C8700041FE72 /* BasicAbility.swift in Sources */,
				736ACEDE2AE9E19800758202 /* IPokemonDescriptionInteractor.swift in Sources */,
				736ACEC92AE978FD00758202 /* SectionHeaderView.swift in Sources */,
				731F997C2B02C0980041FE72 /* TypesTableViewDelegate.swift in Sources */,
				736ACEAB2ACCA2BE00758202 /* Pokemon.swift in Sources */,
				736ACE8B2ACB5E7100758202 /* IPokemonPresenter.swift in Sources */,
				736ACEDC2AE9E13400758202 /* IPokemonDescriptionPresenter.swift in Sources */,
				736ACEE22AE9E25F00758202 /* PokemonDescriptionView.swift in Sources */,
				736ACEAF2ACCC67F00758202 /* BasicPokemonGenerationResponse.swift in Sources */,
				736ACEEE2AEED15700758202 /* SpriteCollectionViewCell.swift in Sources */,
				736ACEAD2ACCC18600758202 /* IPokemonIntToPresenter.swift in Sources */,
				736ACEA52ACB8E2700758202 /* BasicPokemonResponse.swift in Sources */,
				736ACEB82AD205FF00758202 /* StandardAppCollectionViewCell.swift in Sources */,
				736ACEC62AE86F7D00758202 /* Variety.swift in Sources */,
				731F998C2B02ED610041FE72 /* BasicStat.swift in Sources */,
				731F99742B02B5170041FE72 /* MovesTableViewDelegate.swift in Sources */,
				736ACECB2AE979BF00758202 /* LineView.swift in Sources */,
				736ACE8D2ACB5E9100758202 /* PokemonPresenter.swift in Sources */,
				736ACE842ACB5CF300758202 /* PokemonView.swift in Sources */,
				731F99762B02B9560041FE72 /* BasicMoveResponse.swift in Sources */,
				736ACED32AE9E00300758202 /* PokemonDescriptionRouter.swift in Sources */,
				736ACEA92ACC81A800758202 /* BasicPokemonGeneration.swift in Sources */,
				731F99802B02C5460041FE72 /* AbilitiesTableViewDelegate.swift in Sources */,
				736ACE9F2ACB673B00758202 /* Item.swift in Sources */,
				736ACE952ACB5F1D00758202 /* PokemonRepository.swift in Sources */,
				736ACEBA2AE34F0300758202 /* CategoryCollectionViewCell.swift in Sources */,
				736ACEE62AEDA4AA00758202 /* IPokemonDescriptionRepository.swift in Sources */,
				731F997E2B02C44F0041FE72 /* AbilityTableViewCell.swift in Sources */,
				731F99922B03F72C0041FE72 /* SearchTableViewCell.swift in Sources */,
				736ACEBE2AE452A700758202 /* Sprites.swift in Sources */,
				736ACE932ACB5F0B00758202 /* IPokemonRepository.swift in Sources */,
				736ACEEB2AEDABB800758202 /* PokemonDescriptionDataSource.swift in Sources */,
				736ACEA32ACB7A9F00758202 /* BasicPokemon.swift in Sources */,
				731F99882B02EC750041FE72 /* StatsTableViewDelegate.swift in Sources */,
				736ACEF02AEED69300758202 /* IPokemonDescriptionIntToPresenter.swift in Sources */,
				736ACE4E2ACB5BF600758202 /* AppDelegate.swift in Sources */,
				736ACEA72ACC80FD00758202 /* PokemonType.swift in Sources */,
				736ACEC02AE837A900758202 /* PokemonSpecie.swift in Sources */,
				736ACEB42AD1FD3A00758202 /* PokemonsByGenerationResponse.swift in Sources */,
				736ACEA12ACB746B00758202 /* PokemonDataSource.swift in Sources */,
				736ACE502ACB5BF600758202 /* SceneDelegate.swift in Sources */,
				736ACED02AE992EA00758202 /* PokemonCollectionViewDelegate.swift in Sources */,
				736ACEDA2AE9E10300758202 /* PokemonDescriptionPresenter.swift in Sources */,
				731F99862B02EBED0041FE72 /* StatTableViewCell.swift in Sources */,
				736ACEF62B003F5A00758202 /* BasicType.swift in Sources */,
				736ACEE82AEDA81E00758202 /* PokemonDescriptionRepository.swift in Sources */,
				731F99782B02BA680041FE72 /* BasicMove.swift in Sources */,
			);
			runOnlyForDeploymentPostprocessing = 0;
		};
		736ACE5C2ACB5BF700758202 /* Sources */ = {
			isa = PBXSourcesBuildPhase;
			buildActionMask = 2147483647;
			files = (
				736ACE652ACB5BF700758202 /* PokeAppTests.swift in Sources */,
			);
			runOnlyForDeploymentPostprocessing = 0;
		};
		736ACE662ACB5BF700758202 /* Sources */ = {
			isa = PBXSourcesBuildPhase;
			buildActionMask = 2147483647;
			files = (
				736ACE6F2ACB5BF700758202 /* PokeAppUITests.swift in Sources */,
				736ACE712ACB5BF700758202 /* PokeAppUITestsLaunchTests.swift in Sources */,
			);
			runOnlyForDeploymentPostprocessing = 0;
		};
/* End PBXSourcesBuildPhase section */

/* Begin PBXTargetDependency section */
		736ACE622ACB5BF700758202 /* PBXTargetDependency */ = {
			isa = PBXTargetDependency;
			target = 736ACE492ACB5BF600758202 /* PokeApp */;
			targetProxy = 736ACE612ACB5BF700758202 /* PBXContainerItemProxy */;
		};
		736ACE6C2ACB5BF700758202 /* PBXTargetDependency */ = {
			isa = PBXTargetDependency;
			target = 736ACE492ACB5BF600758202 /* PokeApp */;
			targetProxy = 736ACE6B2ACB5BF700758202 /* PBXContainerItemProxy */;
		};
/* End PBXTargetDependency section */

/* Begin PBXVariantGroup section */
		736ACE582ACB5BF700758202 /* LaunchScreen.storyboard */ = {
			isa = PBXVariantGroup;
			children = (
				736ACE592ACB5BF700758202 /* Base */,
			);
			name = LaunchScreen.storyboard;
			sourceTree = "<group>";
		};
		736ACE9D2ACB64CC00758202 /* Main.storyboard */ = {
			isa = PBXVariantGroup;
			children = (
				736ACE9C2ACB64CC00758202 /* Base */,
			);
			name = Main.storyboard;
			sourceTree = "<group>";
		};
/* End PBXVariantGroup section */

/* Begin XCBuildConfiguration section */
		736ACE722ACB5BF700758202 /* Debug */ = {
			isa = XCBuildConfiguration;
			buildSettings = {
				ALWAYS_SEARCH_USER_PATHS = NO;
				CLANG_ANALYZER_NONNULL = YES;
				CLANG_ANALYZER_NUMBER_OBJECT_CONVERSION = YES_AGGRESSIVE;
				CLANG_CXX_LANGUAGE_STANDARD = "gnu++20";
				CLANG_ENABLE_MODULES = YES;
				CLANG_ENABLE_OBJC_ARC = YES;
				CLANG_ENABLE_OBJC_WEAK = YES;
				CLANG_WARN_BLOCK_CAPTURE_AUTORELEASING = YES;
				CLANG_WARN_BOOL_CONVERSION = YES;
				CLANG_WARN_COMMA = YES;
				CLANG_WARN_CONSTANT_CONVERSION = YES;
				CLANG_WARN_DEPRECATED_OBJC_IMPLEMENTATIONS = YES;
				CLANG_WARN_DIRECT_OBJC_ISA_USAGE = YES_ERROR;
				CLANG_WARN_DOCUMENTATION_COMMENTS = YES;
				CLANG_WARN_EMPTY_BODY = YES;
				CLANG_WARN_ENUM_CONVERSION = YES;
				CLANG_WARN_INFINITE_RECURSION = YES;
				CLANG_WARN_INT_CONVERSION = YES;
				CLANG_WARN_NON_LITERAL_NULL_CONVERSION = YES;
				CLANG_WARN_OBJC_IMPLICIT_RETAIN_SELF = YES;
				CLANG_WARN_OBJC_LITERAL_CONVERSION = YES;
				CLANG_WARN_OBJC_ROOT_CLASS = YES_ERROR;
				CLANG_WARN_QUOTED_INCLUDE_IN_FRAMEWORK_HEADER = YES;
				CLANG_WARN_RANGE_LOOP_ANALYSIS = YES;
				CLANG_WARN_STRICT_PROTOTYPES = YES;
				CLANG_WARN_SUSPICIOUS_MOVE = YES;
				CLANG_WARN_UNGUARDED_AVAILABILITY = YES_AGGRESSIVE;
				CLANG_WARN_UNREACHABLE_CODE = YES;
				CLANG_WARN__DUPLICATE_METHOD_MATCH = YES;
				COPY_PHASE_STRIP = NO;
				DEBUG_INFORMATION_FORMAT = dwarf;
				ENABLE_STRICT_OBJC_MSGSEND = YES;
				ENABLE_TESTABILITY = YES;
				GCC_C_LANGUAGE_STANDARD = gnu11;
				GCC_DYNAMIC_NO_PIC = NO;
				GCC_NO_COMMON_BLOCKS = YES;
				GCC_OPTIMIZATION_LEVEL = 0;
				GCC_PREPROCESSOR_DEFINITIONS = (
					"DEBUG=1",
					"$(inherited)",
				);
				GCC_WARN_64_TO_32_BIT_CONVERSION = YES;
				GCC_WARN_ABOUT_RETURN_TYPE = YES_ERROR;
				GCC_WARN_UNDECLARED_SELECTOR = YES;
				GCC_WARN_UNINITIALIZED_AUTOS = YES_AGGRESSIVE;
				GCC_WARN_UNUSED_FUNCTION = YES;
				GCC_WARN_UNUSED_VARIABLE = YES;
				IPHONEOS_DEPLOYMENT_TARGET = 16.4;
				MTL_ENABLE_DEBUG_INFO = INCLUDE_SOURCE;
				MTL_FAST_MATH = YES;
				ONLY_ACTIVE_ARCH = YES;
				SDKROOT = iphoneos;
				SWIFT_ACTIVE_COMPILATION_CONDITIONS = DEBUG;
				SWIFT_OPTIMIZATION_LEVEL = "-Onone";
			};
			name = Debug;
		};
		736ACE732ACB5BF700758202 /* Release */ = {
			isa = XCBuildConfiguration;
			buildSettings = {
				ALWAYS_SEARCH_USER_PATHS = NO;
				CLANG_ANALYZER_NONNULL = YES;
				CLANG_ANALYZER_NUMBER_OBJECT_CONVERSION = YES_AGGRESSIVE;
				CLANG_CXX_LANGUAGE_STANDARD = "gnu++20";
				CLANG_ENABLE_MODULES = YES;
				CLANG_ENABLE_OBJC_ARC = YES;
				CLANG_ENABLE_OBJC_WEAK = YES;
				CLANG_WARN_BLOCK_CAPTURE_AUTORELEASING = YES;
				CLANG_WARN_BOOL_CONVERSION = YES;
				CLANG_WARN_COMMA = YES;
				CLANG_WARN_CONSTANT_CONVERSION = YES;
				CLANG_WARN_DEPRECATED_OBJC_IMPLEMENTATIONS = YES;
				CLANG_WARN_DIRECT_OBJC_ISA_USAGE = YES_ERROR;
				CLANG_WARN_DOCUMENTATION_COMMENTS = YES;
				CLANG_WARN_EMPTY_BODY = YES;
				CLANG_WARN_ENUM_CONVERSION = YES;
				CLANG_WARN_INFINITE_RECURSION = YES;
				CLANG_WARN_INT_CONVERSION = YES;
				CLANG_WARN_NON_LITERAL_NULL_CONVERSION = YES;
				CLANG_WARN_OBJC_IMPLICIT_RETAIN_SELF = YES;
				CLANG_WARN_OBJC_LITERAL_CONVERSION = YES;
				CLANG_WARN_OBJC_ROOT_CLASS = YES_ERROR;
				CLANG_WARN_QUOTED_INCLUDE_IN_FRAMEWORK_HEADER = YES;
				CLANG_WARN_RANGE_LOOP_ANALYSIS = YES;
				CLANG_WARN_STRICT_PROTOTYPES = YES;
				CLANG_WARN_SUSPICIOUS_MOVE = YES;
				CLANG_WARN_UNGUARDED_AVAILABILITY = YES_AGGRESSIVE;
				CLANG_WARN_UNREACHABLE_CODE = YES;
				CLANG_WARN__DUPLICATE_METHOD_MATCH = YES;
				COPY_PHASE_STRIP = NO;
				DEBUG_INFORMATION_FORMAT = "dwarf-with-dsym";
				ENABLE_NS_ASSERTIONS = NO;
				ENABLE_STRICT_OBJC_MSGSEND = YES;
				GCC_C_LANGUAGE_STANDARD = gnu11;
				GCC_NO_COMMON_BLOCKS = YES;
				GCC_WARN_64_TO_32_BIT_CONVERSION = YES;
				GCC_WARN_ABOUT_RETURN_TYPE = YES_ERROR;
				GCC_WARN_UNDECLARED_SELECTOR = YES;
				GCC_WARN_UNINITIALIZED_AUTOS = YES_AGGRESSIVE;
				GCC_WARN_UNUSED_FUNCTION = YES;
				GCC_WARN_UNUSED_VARIABLE = YES;
				IPHONEOS_DEPLOYMENT_TARGET = 16.4;
				MTL_ENABLE_DEBUG_INFO = NO;
				MTL_FAST_MATH = YES;
				SDKROOT = iphoneos;
				SWIFT_COMPILATION_MODE = wholemodule;
				SWIFT_OPTIMIZATION_LEVEL = "-O";
				VALIDATE_PRODUCT = YES;
			};
			name = Release;
		};
		736ACE752ACB5BF700758202 /* Debug */ = {
			isa = XCBuildConfiguration;
			buildSettings = {
				ASSETCATALOG_COMPILER_APPICON_NAME = AppIcon;
				ASSETCATALOG_COMPILER_GLOBAL_ACCENT_COLOR_NAME = AccentColor;
				CODE_SIGN_STYLE = Automatic;
				CURRENT_PROJECT_VERSION = 1;
				GENERATE_INFOPLIST_FILE = YES;
				INFOPLIST_FILE = PokeApp/Info.plist;
				INFOPLIST_KEY_UIApplicationSupportsIndirectInputEvents = YES;
				INFOPLIST_KEY_UILaunchStoryboardName = LaunchScreen;
				INFOPLIST_KEY_UIMainStoryboardFile = Main;
				INFOPLIST_KEY_UISupportedInterfaceOrientations_iPad = "UIInterfaceOrientationPortrait UIInterfaceOrientationPortraitUpsideDown UIInterfaceOrientationLandscapeLeft UIInterfaceOrientationLandscapeRight";
				INFOPLIST_KEY_UISupportedInterfaceOrientations_iPhone = "UIInterfaceOrientationPortrait UIInterfaceOrientationLandscapeLeft UIInterfaceOrientationLandscapeRight";
				LD_RUNPATH_SEARCH_PATHS = (
					"$(inherited)",
					"@executable_path/Frameworks",
				);
				MARKETING_VERSION = 1.0;
				PRODUCT_BUNDLE_IDENTIFIER = com.torres.federico.PokeApp;
				PRODUCT_NAME = "$(TARGET_NAME)";
				SWIFT_EMIT_LOC_STRINGS = YES;
				SWIFT_VERSION = 5.0;
				TARGETED_DEVICE_FAMILY = "1,2";
			};
			name = Debug;
		};
		736ACE762ACB5BF700758202 /* Release */ = {
			isa = XCBuildConfiguration;
			buildSettings = {
				ASSETCATALOG_COMPILER_APPICON_NAME = AppIcon;
				ASSETCATALOG_COMPILER_GLOBAL_ACCENT_COLOR_NAME = AccentColor;
				CODE_SIGN_STYLE = Automatic;
				CURRENT_PROJECT_VERSION = 1;
				GENERATE_INFOPLIST_FILE = YES;
				INFOPLIST_FILE = PokeApp/Info.plist;
				INFOPLIST_KEY_UIApplicationSupportsIndirectInputEvents = YES;
				INFOPLIST_KEY_UILaunchStoryboardName = LaunchScreen;
				INFOPLIST_KEY_UIMainStoryboardFile = Main;
				INFOPLIST_KEY_UISupportedInterfaceOrientations_iPad = "UIInterfaceOrientationPortrait UIInterfaceOrientationPortraitUpsideDown UIInterfaceOrientationLandscapeLeft UIInterfaceOrientationLandscapeRight";
				INFOPLIST_KEY_UISupportedInterfaceOrientations_iPhone = "UIInterfaceOrientationPortrait UIInterfaceOrientationLandscapeLeft UIInterfaceOrientationLandscapeRight";
				LD_RUNPATH_SEARCH_PATHS = (
					"$(inherited)",
					"@executable_path/Frameworks",
				);
				MARKETING_VERSION = 1.0;
				PRODUCT_BUNDLE_IDENTIFIER = com.torres.federico.PokeApp;
				PRODUCT_NAME = "$(TARGET_NAME)";
				SWIFT_EMIT_LOC_STRINGS = YES;
				SWIFT_VERSION = 5.0;
				TARGETED_DEVICE_FAMILY = "1,2";
			};
			name = Release;
		};
		736ACE782ACB5BF700758202 /* Debug */ = {
			isa = XCBuildConfiguration;
			buildSettings = {
				ALWAYS_EMBED_SWIFT_STANDARD_LIBRARIES = YES;
				BUNDLE_LOADER = "$(TEST_HOST)";
				CODE_SIGN_STYLE = Automatic;
				CURRENT_PROJECT_VERSION = 1;
				GENERATE_INFOPLIST_FILE = YES;
				IPHONEOS_DEPLOYMENT_TARGET = 16.4;
				MARKETING_VERSION = 1.0;
				PRODUCT_BUNDLE_IDENTIFIER = com.torres.federico.PokeAppTests;
				PRODUCT_NAME = "$(TARGET_NAME)";
				SWIFT_EMIT_LOC_STRINGS = NO;
				SWIFT_VERSION = 5.0;
				TARGETED_DEVICE_FAMILY = "1,2";
				TEST_HOST = "$(BUILT_PRODUCTS_DIR)/PokeApp.app/$(BUNDLE_EXECUTABLE_FOLDER_PATH)/PokeApp";
			};
			name = Debug;
		};
		736ACE792ACB5BF700758202 /* Release */ = {
			isa = XCBuildConfiguration;
			buildSettings = {
				ALWAYS_EMBED_SWIFT_STANDARD_LIBRARIES = YES;
				BUNDLE_LOADER = "$(TEST_HOST)";
				CODE_SIGN_STYLE = Automatic;
				CURRENT_PROJECT_VERSION = 1;
				GENERATE_INFOPLIST_FILE = YES;
				IPHONEOS_DEPLOYMENT_TARGET = 16.4;
				MARKETING_VERSION = 1.0;
				PRODUCT_BUNDLE_IDENTIFIER = com.torres.federico.PokeAppTests;
				PRODUCT_NAME = "$(TARGET_NAME)";
				SWIFT_EMIT_LOC_STRINGS = NO;
				SWIFT_VERSION = 5.0;
				TARGETED_DEVICE_FAMILY = "1,2";
				TEST_HOST = "$(BUILT_PRODUCTS_DIR)/PokeApp.app/$(BUNDLE_EXECUTABLE_FOLDER_PATH)/PokeApp";
			};
			name = Release;
		};
		736ACE7B2ACB5BF700758202 /* Debug */ = {
			isa = XCBuildConfiguration;
			buildSettings = {
				ALWAYS_EMBED_SWIFT_STANDARD_LIBRARIES = YES;
				CODE_SIGN_STYLE = Automatic;
				CURRENT_PROJECT_VERSION = 1;
				GENERATE_INFOPLIST_FILE = YES;
				MARKETING_VERSION = 1.0;
				PRODUCT_BUNDLE_IDENTIFIER = com.torres.federico.PokeAppUITests;
				PRODUCT_NAME = "$(TARGET_NAME)";
				SWIFT_EMIT_LOC_STRINGS = NO;
				SWIFT_VERSION = 5.0;
				TARGETED_DEVICE_FAMILY = "1,2";
				TEST_TARGET_NAME = PokeApp;
			};
			name = Debug;
		};
		736ACE7C2ACB5BF700758202 /* Release */ = {
			isa = XCBuildConfiguration;
			buildSettings = {
				ALWAYS_EMBED_SWIFT_STANDARD_LIBRARIES = YES;
				CODE_SIGN_STYLE = Automatic;
				CURRENT_PROJECT_VERSION = 1;
				GENERATE_INFOPLIST_FILE = YES;
				MARKETING_VERSION = 1.0;
				PRODUCT_BUNDLE_IDENTIFIER = com.torres.federico.PokeAppUITests;
				PRODUCT_NAME = "$(TARGET_NAME)";
				SWIFT_EMIT_LOC_STRINGS = NO;
				SWIFT_VERSION = 5.0;
				TARGETED_DEVICE_FAMILY = "1,2";
				TEST_TARGET_NAME = PokeApp;
			};
			name = Release;
		};
/* End XCBuildConfiguration section */

/* Begin XCConfigurationList section */
		736ACE452ACB5BF600758202 /* Build configuration list for PBXProject "PokeApp" */ = {
			isa = XCConfigurationList;
			buildConfigurations = (
				736ACE722ACB5BF700758202 /* Debug */,
				736ACE732ACB5BF700758202 /* Release */,
			);
			defaultConfigurationIsVisible = 0;
			defaultConfigurationName = Release;
		};
		736ACE742ACB5BF700758202 /* Build configuration list for PBXNativeTarget "PokeApp" */ = {
			isa = XCConfigurationList;
			buildConfigurations = (
				736ACE752ACB5BF700758202 /* Debug */,
				736ACE762ACB5BF700758202 /* Release */,
			);
			defaultConfigurationIsVisible = 0;
			defaultConfigurationName = Release;
		};
		736ACE772ACB5BF700758202 /* Build configuration list for PBXNativeTarget "PokeAppTests" */ = {
			isa = XCConfigurationList;
			buildConfigurations = (
				736ACE782ACB5BF700758202 /* Debug */,
				736ACE792ACB5BF700758202 /* Release */,
			);
			defaultConfigurationIsVisible = 0;
			defaultConfigurationName = Release;
		};
		736ACE7A2ACB5BF700758202 /* Build configuration list for PBXNativeTarget "PokeAppUITests" */ = {
			isa = XCConfigurationList;
			buildConfigurations = (
				736ACE7B2ACB5BF700758202 /* Debug */,
				736ACE7C2ACB5BF700758202 /* Release */,
			);
			defaultConfigurationIsVisible = 0;
			defaultConfigurationName = Release;
		};
/* End XCConfigurationList section */
	};
	rootObject = 736ACE422ACB5BF600758202 /* Project object */;
}
